
Microsoft Visual Studio Solution File, Format Version 12.00
# Visual Studio Version 17
VisualStudioVersion = 17.5.33424.131
MinimumVisualStudioVersion = 10.0.40219.1
Project("{FAE04EC0-301F-11D3-BF4B-00C04F79EFBC}") = "NumerosPrimosArrayComTeste", "NumerosPrimosArrayComTeste\NumerosPrimosArrayComTeste.csproj", "{C0629B99-6831-4CE5-B354-C58E0A376EC2}"
EndProject
Project("{FAE04EC0-301F-11D3-BF4B-00C04F79EFBC}") = "NumerosPrimos.Test", "NumerosPrimos.Test\NumerosPrimos.Test.csproj", "{0EEE37EB-0116-4F85-BAAD-5E9FDDB38481}"
EndProject
Global
	GlobalSection(SolutionConfigurationPlatforms) = preSolution
		Debug|Any CPU = Debug|Any CPU
		Release|Any CPU = Release|Any CPU
	EndGlobalSection
	GlobalSection(ProjectConfigurationPlatforms) = postSolution
		{C0629B99-6831-4CE5-B354-C58E0A376EC2}.Debug|Any CPU.ActiveCfg = Debug|Any CPU
		{C0629B99-6831-4CE5-B354-C58E0A376EC2}.Debug|Any CPU.Build.0 = Debug|Any CPU
		{C0629B99-6831-4CE5-B354-C58E0A376EC2}.Release|Any CPU.ActiveCfg = Release|Any CPU
		{C0629B99-6831-4CE5-B354-C58E0A376EC2}.Release|Any CPU.Build.0 = Release|Any CPU
		{0EEE37EB-0116-4F85-BAAD-5E9FDDB38481}.Debug|Any CPU.ActiveCfg = Debug|Any CPU
		{0EEE37EB-0116-4F85-BAAD-5E9FDDB38481}.Debug|Any CPU.Build.0 = Debug|Any CPU
		{0EEE37EB-0116-4F85-BAAD-5E9FDDB38481}.Release|Any CPU.ActiveCfg = Release|Any CPU
		{0EEE37EB-0116-4F85-BAAD-5E9FDDB38481}.Release|Any CPU.Build.0 = Release|Any CPU
	EndGlobalSection
	GlobalSection(SolutionProperties) = preSolution
		HideSolutionNode = FALSE
	EndGlobalSection
	GlobalSection(ExtensibilityGlobals) = postSolution
		SolutionGuid = {5CFB87DC-DC87-4883-9B12-9CDFF044F356}
	EndGlobalSection
EndGlobal
